
Microsoft Visual Studio Solution File, Format Version 12.00
# Visual Studio Version 16
VisualStudioVersion = 16.0.30907.101
MinimumVisualStudioVersion = 10.0.40219.1
Project("{FAE04EC0-301F-11D3-BF4B-00C04F79EFBC}") = "Scopes", "Scopes\Scopes.csproj", "{B8BE8C7E-32A0-4E12-8C73-8E0B1413984B}"
EndProject
Global
	GlobalSection(SolutionConfigurationPlatforms) = preSolution
		Debug|Any CPU = Debug|Any CPU
		Release|Any CPU = Release|Any CPU
	EndGlobalSection
	GlobalSection(ProjectConfigurationPlatforms) = postSolution
		{B8BE8C7E-32A0-4E12-8C73-8E0B1413984B}.Debug|Any CPU.ActiveCfg = Debug|Any CPU
		{B8BE8C7E-32A0-4E12-8C73-8E0B1413984B}.Debug|Any CPU.Build.0 = Debug|Any CPU
		{B8BE8C7E-32A0-4E12-8C73-8E0B1413984B}.Release|Any CPU.ActiveCfg = Release|Any CPU
		{B8BE8C7E-32A0-4E12-8C73-8E0B1413984B}.Release|Any CPU.Build.0 = Release|Any CPU
	EndGlobalSection
	GlobalSection(SolutionProperties) = preSolution
		HideSolutionNode = FALSE
	EndGlobalSection
	GlobalSection(ExtensibilityGlobals) = postSolution
		SolutionGuid = {4969F17C-F252-4502-B0FB-B7173D2EFC1A}
	EndGlobalSection
EndGlobal
